// !$*UTF8*$!
{
	archiveVersion = 1;
	classes = {
	};
	objectVersion = 46;
	objects = {

/* Begin PBXBuildFile section */
		EFD536001F0853A00082DD31 /* AppDelegate.swift in Sources */ = {isa = PBXBuildFile; fileRef = EFD535FF1F0853A00082DD31 /* AppDelegate.swift */; };
		EFD536021F0853A00082DD31 /* ViewController.swift in Sources */ = {isa = PBXBuildFile; fileRef = EFD536011F0853A00082DD31 /* ViewController.swift */; };
		EFD536051F0853A00082DD31 /* Main.storyboard in Resources */ = {isa = PBXBuildFile; fileRef = EFD536031F0853A00082DD31 /* Main.storyboard */; };
		EFD536071F0853A00082DD31 /* Assets.xcassets in Resources */ = {isa = PBXBuildFile; fileRef = EFD536061F0853A00082DD31 /* Assets.xcassets */; };
		EFD5360A1F0853A00082DD31 /* LaunchScreen.storyboard in Resources */ = {isa = PBXBuildFile; fileRef = EFD536081F0853A00082DD31 /* LaunchScreen.storyboard */; };
/* End PBXBuildFile section */

/* Begin PBXFileReference section */
		EFD535FC1F0853A00082DD31 /* myClima.app */ = {isa = PBXFileReference; explicitFileType = wrapper.application; includeInIndex = 0; path = myClima.app; sourceTree = BUILT_PRODUCTS_DIR; };
		EFD535FF1F0853A00082DD31 /* AppDelegate.swift */ = {isa = PBXFileReference; lastKnownFileType = sourcecode.swift; path = AppDelegate.swift; sourceTree = "<group>"; };
		EFD536011F0853A00082DD31 /* ViewController.swift */ = {isa = PBXFileReference; lastKnownFileType = sourcecode.swift; path = ViewController.swift; sourceTree = "<group>"; };
		EFD536041F0853A00082DD31 /* Base */ = {isa = PBXFileReference; lastKnownFileType = file.storyboard; name = Base; path = Base.lproj/Main.storyboard; sourceTree = "<group>"; };
		EFD536061F0853A00082DD31 /* Assets.xcassets */ = {isa = PBXFileReference; lastKnownFileType = folder.assetcatalog; path = Assets.xcassets; sourceTree = "<group>"; };
		EFD536091F0853A00082DD31 /* Base */ = {isa = PBXFileReference; lastKnownFileType = file.storyboard; name = Base; path = Base.lproj/LaunchScreen.storyboard; sourceTree = "<group>"; };
		EFD5360B1F0853A00082DD31 /* Info.plist */ = {isa = PBXFileReference; lastKnownFileType = text.plist.xml; path = Info.plist; sourceTree = "<group>"; };
/* End PBXFileReference section */

/* Begin PBXFrameworksBuildPhase section */
		EFD535F91F0853A00082DD31 /* Frameworks */ = {
			isa = PBXFrameworksBuildPhase;
			buildActionMask = 2147483647;
			files = (
			);
			runOnlyForDeploymentPostprocessing = 0;
		};
/* End PBXFrameworksBuildPhase section */

/* Begin PBXGroup section */
		EFD535F31F0853A00082DD31 = {
			isa = PBXGroup;
			children = (
				EFD535FE1F0853A00082DD31 /* myClima */,
				EFD535FD1F0853A00082DD31 /* Products */,
			);
			sourceTree = "<group>";
		};
		EFD535FD1F0853A00082DD31 /* Products */ = {
			isa = PBXGroup;
			children = (
				EFD535FC1F0853A00082DD31 /* myClima.app */,
			);
			name = Products;
			sourceTree = "<group>";
		};
		EFD535FE1F0853A00082DD31 /* myClima */ = {
			isa = PBXGroup;
			children = (
				EFD535FF1F0853A00082DD31 /* AppDelegate.swift */,
				EFD536011F0853A00082DD31 /* ViewController.swift */,
				EFD536031F0853A00082DD31 /* Main.storyboard */,
				EFD536061F0853A00082DD31 /* Assets.xcassets */,
				EFD536081F0853A00082DD31 /* LaunchScreen.storyboard */,
				EFD5360B1F0853A00082DD31 /* Info.plist */,
			);
			path = myClima;
			sourceTree = "<group>";
		};
/* End PBXGroup section */

/* Begin PBXNativeTarget section */
		EFD535FB1F0853A00082DD31 /* myClima */ = {
			isa = PBXNativeTarget;
			buildConfigurationList = EFD5360E1F0853A00082DD31 /* Build configuration list for PBXNativeTarget "myClima" */;
			buildPhases = (
				EFD535F81F0853A00082DD31 /* Sources */,
				EFD535F91F0853A00082DD31 /* Frameworks */,
				EFD535FA1F0853A00082DD31 /* Resources */,
			);
			buildRules = (
			);
			dependencies = (
			);
			name = myClima;
			productName = myClima;
			productReference = EFD535FC1F0853A00082DD31 /* myClima.app */;
			productType = "com.apple.product-type.application";
		};
/* End PBXNativeTarget section */

/* Begin PBXProject section */
		EFD535F41F0853A00082DD31 /* Project object */ = {
			isa = PBXProject;
			attributes = {
				LastSwiftUpdateCheck = 0830;
				LastUpgradeCheck = 0830;
				ORGANIZATIONNAME = "Matheus Pereiradarocha";
				TargetAttributes = {
					EFD535FB1F0853A00082DD31 = {
						CreatedOnToolsVersion = 8.3.2;
						DevelopmentTeam = J5QFPQ6XYM;
						ProvisioningStyle = Automatic;
					};
				};
			};
			buildConfigurationList = EFD535F71F0853A00082DD31 /* Build configuration list for PBXProject "myClima" */;
			compatibilityVersion = "Xcode 3.2";
			developmentRegion = English;
			hasScannedForEncodings = 0;
			knownRegions = (
				en,
				Base,
			);
			mainGroup = EFD535F31F0853A00082DD31;
			productRefGroup = EFD535FD1F0853A00082DD31 /* Products */;
			projectDirPath = "";
			projectRoot = "";
			targets = (
				EFD535FB1F0853A00082DD31 /* myClima */,
			);
		};
/* End PBXProject section */

/* Begin PBXResourcesBuildPhase section */
		EFD535FA1F0853A00082DD31 /* Resources */ = {
			isa = PBXResourcesBuildPhase;
			buildActionMask = 2147483647;
			files = (
				EFD5360A1F0853A00082DD31 /* LaunchScreen.storyboard in Resources */,
				EFD536071F0853A00082DD31 /* Assets.xcassets in Resources */,
				EFD536051F0853A00082DD31 /* Main.storyboard in Resources */,
			);
			runOnlyForDeploymentPostprocessing = 0;
		};
/* End PBXResourcesBuildPhase section */

/* Begin PBXSourcesBuildPhase section */
		EFD535F81F0853A00082DD31 /* Sources */ = {
			isa = PBXSourcesBuildPhase;
			buildActionMask = 2147483647;
			files = (
				EFD536021F0853A00082DD31 /* ViewController.swift in Sources */,
				EFD536001F0853A00082DD31 /* AppDelegate.swift in Sources */,
			);
			runOnlyForDeploymentPostprocessing = 0;
		};
/* End PBXSourcesBuildPhase section */

/* Begin PBXVariantGroup section */
		EFD536031F0853A00082DD31 /* Main.storyboard */ = {
			isa = PBXVariantGroup;
			children = (
				EFD536041F0853A00082DD31 /* Base */,
			);
			name = Main.storyboard;
			sourceTree = "<group>";
		};
		EFD536081F0853A00082DD31 /* LaunchScreen.storyboard */ = {
			isa = PBXVariantGroup;
			children = (
				EFD536091F0853A00082DD31 /* Base */,
			);
			name = LaunchScreen.storyboard;
			sourceTree = "<group>";
		};
/* End PBXVariantGroup section */

/* Begin XCBuildConfiguration section */
		EFD5360C1F0853A00082DD31 /* Debug */ = {
			isa = XCBuildConfiguration;
			buildSettings = {
				ALWAYS_SEARCH_USER_PATHS = NO;
				CLANG_ANALYZER_NONNULL = YES;
				CLANG_ANALYZER_NUMBER_OBJECT_CONVERSION = YES_AGGRESSIVE;
				CLANG_CXX_LANGUAGE_STANDARD = "gnu++0x";
				CLANG_CXX_LIBRARY = "libc++";
				CLANG_ENABLE_MODULES = YES;
				CLANG_ENABLE_OBJC_ARC = YES;
				CLANG_WARN_BOOL_CONVERSION = YES;
				CLANG_WARN_CONSTANT_CONVERSION = YES;
				CLANG_WARN_DIRECT_OBJC_ISA_USAGE = YES_ERROR;
				CLANG_WARN_DOCUMENTATION_COMMENTS = YES;
				CLANG_WARN_EMPTY_BODY = YES;
				CLANG_WARN_ENUM_CONVERSION = YES;
				CLANG_WARN_INFINITE_RECURSION = YES;
				CLANG_WARN_INT_CONVERSION = YES;
				CLANG_WARN_OBJC_ROOT_CLASS = YES_ERROR;
				CLANG_WARN_SUSPICIOUS_MOVE = YES;
				CLANG_WARN_UNREACHABLE_CODE = YES;
				CLANG_WARN__DUPLICATE_METHOD_MATCH = YES;
				"CODE_SIGN_IDENTITY[sdk=iphoneos*]" = "iPhone Developer";
				COPY_PHASE_STRIP = NO;
				DEBUG_INFORMATION_FORMAT = dwarf;
				ENABLE_STRICT_OBJC_MSGSEND = YES;
				ENABLE_TESTABILITY = YES;
				GCC_C_LANGUAGE_STANDARD = gnu99;
				GCC_DYNAMIC_NO_PIC = NO;
				GCC_NO_COMMON_BLOCKS = YES;
				GCC_OPTIMIZATION_LEVEL = 0;
				GCC_PREPROCESSOR_DEFINITIONS = (
					"DEBUG=1",
					"$(inherited)",
				);
				GCC_WARN_64_TO_32_BIT_CONVERSION = YES;
				GCC_WARN_ABOUT_RETURN_TYPE = YES_ERROR;
				GCC_WARN_UNDECLARED_SELECTOR = YES;
				GCC_WARN_UNINITIALIZED_AUTOS = YES_AGGRESSIVE;
				GCC_WARN_UNUSED_FUNCTION = YES;
				GCC_WARN_UNUSED_VARIABLE = YES;
				IPHONEOS_DEPLOYMENT_TARGET = 10.3;
				MTL_ENABLE_DEBUG_INFO = YES;
				ONLY_ACTIVE_ARCH = YES;
				SDKROOT = iphoneos;
				SWIFT_ACTIVE_COMPILATION_CONDITIONS = DEBUG;
				SWIFT_OPTIMIZATION_LEVEL = "-Onone";
			};
			name = Debug;
		};
		EFD5360D1F0853A00082DD31 /* Release */ = {
			isa = XCBuildConfiguration;
			buildSettings = {
				ALWAYS_SEARCH_USER_PATHS = NO;
				CLANG_ANALYZER_NONNULL = YES;
				CLANG_ANALYZER_NUMBER_OBJECT_CONVERSION = YES_AGGRESSIVE;
				CLANG_CXX_LANGUAGE_STANDARD = "gnu++0x";
				CLANG_CXX_LIBRARY = "libc++";
				CLANG_ENABLE_MODULES = YES;
				CLANG_ENABLE_OBJC_ARC = YES;
				CLANG_WARN_BOOL_CONVERSION = YES;
				CLANG_WARN_CONSTANT_CONVERSION = YES;
				CLANG_WARN_DIRECT_OBJC_ISA_USAGE = YES_ERROR;
				CLANG_WARN_DOCUMENTATION_COMMENTS = YES;
				CLANG_WARN_EMPTY_BODY = YES;
				CLANG_WARN_ENUM_CONVERSION = YES;
				CLANG_WARN_INFINITE_RECURSION = YES;
				CLANG_WARN_INT_CONVERSION = YES;
				CLANG_WARN_OBJC_ROOT_CLASS = YES_ERROR;
				CLANG_WARN_SUSPICIOUS_MOVE = YES;
				CLANG_WARN_UNREACHABLE_CODE = YES;
				CLANG_WARN__DUPLICATE_METHOD_MATCH = YES;
				"CODE_SIGN_IDENTITY[sdk=iphoneos*]" = "iPhone Developer";
				COPY_PHASE_STRIP = NO;
				DEBUG_INFORMATION_FORMAT = "dwarf-with-dsym";
				ENABLE_NS_ASSERTIONS = NO;
				ENABLE_STRICT_OBJC_MSGSEND = YES;
				GCC_C_LANGUAGE_STANDARD = gnu99;
				GCC_NO_COMMON_BLOCKS = YES;
				GCC_WARN_64_TO_32_BIT_CONVERSION = YES;
				GCC_WARN_ABOUT_RETURN_TYPE = YES_ERROR;
				GCC_WARN_UNDECLARED_SELECTOR = YES;
				GCC_WARN_UNINITIALIZED_AUTOS = YES_AGGRESSIVE;
				GCC_WARN_UNUSED_FUNCTION = YES;
				GCC_WARN_UNUSED_VARIABLE = YES;
				IPHONEOS_DEPLOYMENT_TARGET = 10.3;
				MTL_ENABLE_DEBUG_INFO = NO;
				SDKROOT = iphoneos;
				SWIFT_OPTIMIZATION_LEVEL = "-Owholemodule";
				VALIDATE_PRODUCT = YES;
			};
			name = Release;
		};
		EFD5360F1F0853A00082DD31 /* Debug */ = {
			isa = XCBuildConfiguration;
			buildSettings = {
				ASSETCATALOG_COMPILER_APPICON_NAME = AppIcon;
				DEVELOPMENT_TEAM = J5QFPQ6XYM;
				INFOPLIST_FILE = myClima/Info.plist;
				LD_RUNPATH_SEARCH_PATHS = "$(inherited) @executable_path/Frameworks";
				PRODUCT_BUNDLE_IDENTIFIER = "com.Matheus-Pereiradarocha.myClima";
				PRODUCT_NAME = "$(TARGET_NAME)";
				SWIFT_VERSION = 3.0;
			};
			name = Debug;
		};
		EFD536101F0853A00082DD31 /* Release */ = {
			isa = XCBuildConfiguration;
			buildSettings = {
				ASSETCATALOG_COMPILER_APPICON_NAME = AppIcon;
				DEVELOPMENT_TEAM = J5QFPQ6XYM;
				INFOPLIST_FILE = myClima/Info.plist;
				LD_RUNPATH_SEARCH_PATHS = "$(inherited) @executable_path/Frameworks";
				PRODUCT_BUNDLE_IDENTIFIER = "com.Matheus-Pereiradarocha.myClima";
				PRODUCT_NAME = "$(TARGET_NAME)";
				SWIFT_VERSION = 3.0;
			};
			name = Release;
		};
/* End XCBuildConfiguration section */

/* Begin XCConfigurationList section */
		EFD535F71F0853A00082DD31 /* Build configuration list for PBXProject "myClima" */ = {
			isa = XCConfigurationList;
			buildConfigurations = (
				EFD5360C1F0853A00082DD31 /* Debug */,
				EFD5360D1F0853A00082DD31 /* Release */,
			);
			defaultConfigurationIsVisible = 0;
			defaultConfigurationName = Release;
		};
		EFD5360E1F0853A00082DD31 /* Build configuration list for PBXNativeTarget "myClima" */ = {
			isa = XCConfigurationList;
			buildConfigurations = (
				EFD5360F1F0853A00082DD31 /* Debug */,
				EFD536101F0853A00082DD31 /* Release */,
			);
			defaultConfigurationIsVisible = 0;
		};
/* End XCConfigurationList section */
	};
	rootObject = EFD535F41F0853A00082DD31 /* Project object */;
}
